
Microsoft Visual Studio Solution File, Format Version 12.00
# Visual Studio Version 17
VisualStudioVersion = 17.14.36511.14
MinimumVisualStudioVersion = 10.0.40219.1
Project("{FAE04EC0-301F-11D3-BF4B-00C04F79EFBC}") = "LibraryManagement", "LibraryManagement\LibraryManagement.csproj", "{F67DBB13-6A7A-4C7C-9940-710C6CF28AD9}"
EndProject
Project("{FAE04EC0-301F-11D3-BF4B-00C04F79EFBC}") = "Library Management.Desk", "Library Management.Desk\Library Management.Desk.csproj", "{4383F8C9-2561-425A-8006-6985106D9D9C}"
EndProject
Global
	GlobalSection(SolutionConfigurationPlatforms) = preSolution
		Debug|Any CPU = Debug|Any CPU
		Release|Any CPU = Release|Any CPU
	EndGlobalSection
	GlobalSection(ProjectConfigurationPlatforms) = postSolution
		{F67DBB13-6A7A-4C7C-9940-710C6CF28AD9}.Debug|Any CPU.ActiveCfg = Debug|Any CPU
		{F67DBB13-6A7A-4C7C-9940-710C6CF28AD9}.Debug|Any CPU.Build.0 = Debug|Any CPU
		{F67DBB13-6A7A-4C7C-9940-710C6CF28AD9}.Release|Any CPU.ActiveCfg = Release|Any CPU
		{F67DBB13-6A7A-4C7C-9940-710C6CF28AD9}.Release|Any CPU.Build.0 = Release|Any CPU
		{4383F8C9-2561-425A-8006-6985106D9D9C}.Debug|Any CPU.ActiveCfg = Debug|Any CPU
		{4383F8C9-2561-425A-8006-6985106D9D9C}.Debug|Any CPU.Build.0 = Debug|Any CPU
		{4383F8C9-2561-425A-8006-6985106D9D9C}.Release|Any CPU.ActiveCfg = Release|Any CPU
		{4383F8C9-2561-425A-8006-6985106D9D9C}.Release|Any CPU.Build.0 = Release|Any CPU
	EndGlobalSection
	GlobalSection(SolutionProperties) = preSolution
		HideSolutionNode = FALSE
	EndGlobalSection
	GlobalSection(ExtensibilityGlobals) = postSolution
		SolutionGuid = {A7457024-E67A-4EBC-8DC3-860D7E5A2116}
	EndGlobalSection
EndGlobal
